
Microsoft Visual Studio Solution File, Format Version 12.00
EndProject
Project("{2150E333-8FDC-42A3-9474-1A3956D46DE8}") = "HomeWork8", "HomeWork8", "{740887E9-FA83-4FE8-A713-D80136EC5134}"
EndProject
Project("{FAE04EC0-301F-11D3-BF4B-00C04F79EFBC}") = "Homework8", "HomeWork8\Homework8\Homework8.csproj", "{7E0449A1-4DA7-42A8-89D2-076988A899A6}"
EndProject
Project("{FAE04EC0-301F-11D3-BF4B-00C04F79EFBC}") = "Hw8Tests", "HomeWork8\Hw8Tests\Hw8Tests.csproj", "{720EE485-4BC2-47C0-A2AD-AF7DC5541DB4}"
EndProject
Global
	GlobalSection(SolutionConfigurationPlatforms) = preSolution
		Debug|Any CPU = Debug|Any CPU
		Release|Any CPU = Release|Any CPU
	EndGlobalSection
	GlobalSection(ProjectConfigurationPlatforms) = postSolution
		{7E0449A1-4DA7-42A8-89D2-076988A899A6}.Debug|Any CPU.ActiveCfg = Debug|Any CPU
		{7E0449A1-4DA7-42A8-89D2-076988A899A6}.Debug|Any CPU.Build.0 = Debug|Any CPU
		{7E0449A1-4DA7-42A8-89D2-076988A899A6}.Release|Any CPU.ActiveCfg = Release|Any CPU
		{7E0449A1-4DA7-42A8-89D2-076988A899A6}.Release|Any CPU.Build.0 = Release|Any CPU
		{720EE485-4BC2-47C0-A2AD-AF7DC5541DB4}.Debug|Any CPU.ActiveCfg = Debug|Any CPU
		{720EE485-4BC2-47C0-A2AD-AF7DC5541DB4}.Debug|Any CPU.Build.0 = Debug|Any CPU
		{720EE485-4BC2-47C0-A2AD-AF7DC5541DB4}.Release|Any CPU.ActiveCfg = Release|Any CPU
		{720EE485-4BC2-47C0-A2AD-AF7DC5541DB4}.Release|Any CPU.Build.0 = Release|Any CPU
	EndGlobalSection
	GlobalSection(NestedProjects) = preSolution
		{7E0449A1-4DA7-42A8-89D2-076988A899A6} = {740887E9-FA83-4FE8-A713-D80136EC5134}
		{720EE485-4BC2-47C0-A2AD-AF7DC5541DB4} = {740887E9-FA83-4FE8-A713-D80136EC5134}
	EndGlobalSection
EndGlobal
