
Microsoft Visual Studio Solution File, Format Version 12.00
EndProject
Project("{FAE04EC0-301F-11D3-BF4B-00C04F79EFBC}") = "Hw1Tests", "2k\HomeWork1\Hw1Tests\Hw1Tests.csproj", "{5E5B6AF1-B3A1-475A-B57B-696CC39BA78C}"
EndProject
Project("{2150E333-8FDC-42A3-9474-1A3956D46DE8}") = "2k", "2k", "{70EA87E5-F317-41E7-8D35-8A9F118E052D}"
EndProject
Project("{2150E333-8FDC-42A3-9474-1A3956D46DE8}") = "HomeWork1", "HomeWork1", "{65445090-1273-4951-A110-4E9FF9FE4C7E}"
EndProject
Project("{FAE04EC0-301F-11D3-BF4B-00C04F79EFBC}") = "Hw1", "2k\HomeWork1\Hw1\Hw1.csproj", "{965C104A-EB26-4D96-9290-2A03B5B0663F}"
EndProject
Project("{2150E333-8FDC-42A3-9474-1A3956D46DE8}") = "HomeWork2", "HomeWork2", "{298A2D36-BB9B-4FB4-9C6E-BABD6FC225B3}"
EndProject
Project("{FAE04EC0-301F-11D3-BF4B-00C04F79EFBC}") = "Hw2Tests", "2k\HomeWork2\Hw2Tests\Hw2Tests.csproj", "{29A7EE72-C59B-49A5-A22E-3F5012C51F16}"
EndProject
Project("{FAE04EC0-301F-11D3-BF4B-00C04F79EFBC}") = "Hw2", "2k\HomeWork2\Hw2\Hw2.csproj", "{CD21417E-8B70-467F-A5CA-D03ADE7DA9BB}"
EndProject
Project("{FAE04EC0-301F-11D3-BF4B-00C04F79EFBC}") = "Homework2.IL", "2k\HomeWork2\Hw2IL\Homework2.IL.ilproj", "{768D10C9-1B95-4C60-A2C9-3F10653E680E}"
EndProject
Project("{2150E333-8FDC-42A3-9474-1A3956D46DE8}") = "HomeWork4", "HomeWork4", "{1513882D-6A15-43CD-8C14-131036801B46}"
EndProject
Project("{F2A71F9B-5D33-465A-A702-920D77279786}") = "Homework4", "2k\HomeWork4\Homework4\Homework4.fsproj", "{39E7DB2E-6A8A-4D1B-8E11-B58A033E50C2}"
EndProject
Project("{F2A71F9B-5D33-465A-A702-920D77279786}") = "Homework4.Tests", "2k\HomeWork4\Homework4.Tests\Homework4.Tests.fsproj", "{E2BC730B-982F-4A17-AB8E-707DAC1F3B69}"
EndProject
Global
	GlobalSection(SolutionConfigurationPlatforms) = preSolution
		Debug|Any CPU = Debug|Any CPU
		Release|Any CPU = Release|Any CPU
	EndGlobalSection
	GlobalSection(ProjectConfigurationPlatforms) = postSolution
		{965C104A-EB26-4D96-9290-2A03B5B0663F}.Debug|Any CPU.ActiveCfg = Debug|Any CPU
		{965C104A-EB26-4D96-9290-2A03B5B0663F}.Debug|Any CPU.Build.0 = Debug|Any CPU
		{965C104A-EB26-4D96-9290-2A03B5B0663F}.Release|Any CPU.ActiveCfg = Release|Any CPU
		{965C104A-EB26-4D96-9290-2A03B5B0663F}.Release|Any CPU.Build.0 = Release|Any CPU
		{5E5B6AF1-B3A1-475A-B57B-696CC39BA78C}.Debug|Any CPU.ActiveCfg = Debug|Any CPU
		{5E5B6AF1-B3A1-475A-B57B-696CC39BA78C}.Debug|Any CPU.Build.0 = Debug|Any CPU
		{29A7EE72-C59B-49A5-A22E-3F5012C51F16}.Debug|Any CPU.ActiveCfg = Debug|Any CPU
		{29A7EE72-C59B-49A5-A22E-3F5012C51F16}.Debug|Any CPU.Build.0 = Debug|Any CPU
		{29A7EE72-C59B-49A5-A22E-3F5012C51F16}.Release|Any CPU.ActiveCfg = Release|Any CPU
		{29A7EE72-C59B-49A5-A22E-3F5012C51F16}.Release|Any CPU.Build.0 = Release|Any CPU
		{CD21417E-8B70-467F-A5CA-D03ADE7DA9BB}.Debug|Any CPU.ActiveCfg = Debug|Any CPU
		{CD21417E-8B70-467F-A5CA-D03ADE7DA9BB}.Debug|Any CPU.Build.0 = Debug|Any CPU
		{CD21417E-8B70-467F-A5CA-D03ADE7DA9BB}.Release|Any CPU.ActiveCfg = Release|Any CPU
		{CD21417E-8B70-467F-A5CA-D03ADE7DA9BB}.Release|Any CPU.Build.0 = Release|Any CPU
		{39E7DB2E-6A8A-4D1B-8E11-B58A033E50C2}.Debug|Any CPU.ActiveCfg = Debug|Any CPU
		{39E7DB2E-6A8A-4D1B-8E11-B58A033E50C2}.Debug|Any CPU.Build.0 = Debug|Any CPU
		{39E7DB2E-6A8A-4D1B-8E11-B58A033E50C2}.Release|Any CPU.ActiveCfg = Release|Any CPU
		{39E7DB2E-6A8A-4D1B-8E11-B58A033E50C2}.Release|Any CPU.Build.0 = Release|Any CPU
		{E2BC730B-982F-4A17-AB8E-707DAC1F3B69}.Debug|Any CPU.ActiveCfg = Debug|Any CPU
		{E2BC730B-982F-4A17-AB8E-707DAC1F3B69}.Debug|Any CPU.Build.0 = Debug|Any CPU
		{E2BC730B-982F-4A17-AB8E-707DAC1F3B69}.Release|Any CPU.ActiveCfg = Release|Any CPU
		{E2BC730B-982F-4A17-AB8E-707DAC1F3B69}.Release|Any CPU.Build.0 = Release|Any CPU
	EndGlobalSection
	GlobalSection(NestedProjects) = preSolution
		{65445090-1273-4951-A110-4E9FF9FE4C7E} = {70EA87E5-F317-41E7-8D35-8A9F118E052D}
		{5E5B6AF1-B3A1-475A-B57B-696CC39BA78C} = {65445090-1273-4951-A110-4E9FF9FE4C7E}
		{965C104A-EB26-4D96-9290-2A03B5B0663F} = {65445090-1273-4951-A110-4E9FF9FE4C7E}
		{298A2D36-BB9B-4FB4-9C6E-BABD6FC225B3} = {70EA87E5-F317-41E7-8D35-8A9F118E052D}
		{29A7EE72-C59B-49A5-A22E-3F5012C51F16} = {298A2D36-BB9B-4FB4-9C6E-BABD6FC225B3}
		{CD21417E-8B70-467F-A5CA-D03ADE7DA9BB} = {298A2D36-BB9B-4FB4-9C6E-BABD6FC225B3}
		{768D10C9-1B95-4C60-A2C9-3F10653E680E} = {298A2D36-BB9B-4FB4-9C6E-BABD6FC225B3}
		{1513882D-6A15-43CD-8C14-131036801B46} = {70EA87E5-F317-41E7-8D35-8A9F118E052D}
		{39E7DB2E-6A8A-4D1B-8E11-B58A033E50C2} = {1513882D-6A15-43CD-8C14-131036801B46}
		{E2BC730B-982F-4A17-AB8E-707DAC1F3B69} = {1513882D-6A15-43CD-8C14-131036801B46}
	EndGlobalSection
EndGlobal
