
Microsoft Visual Studio Solution File, Format Version 12.00
EndProject
Project("{2150E333-8FDC-42A3-9474-1A3956D46DE8}") = "HomeWork10", "HomeWork10", "{E8583E64-5291-4CC1-9748-6C3D0A9211CF}"
EndProject
Project("{FAE04EC0-301F-11D3-BF4B-00C04F79EFBC}") = "Homework10", "HomeWork10\Homework10\Homework10.csproj", "{978BE1AA-C58B-4825-AC2E-A33F7D1EBCED}"
EndProject
Project("{FAE04EC0-301F-11D3-BF4B-00C04F79EFBC}") = "Hw10Tests", "HomeWork10\Hw10Tests\Hw10Tests.csproj", "{80C457EA-59F9-4EF5-B39D-AEF9B7F4EE71}"
EndProject
Global
	GlobalSection(SolutionConfigurationPlatforms) = preSolution
		Debug|Any CPU = Debug|Any CPU
		Release|Any CPU = Release|Any CPU
	EndGlobalSection
	GlobalSection(ProjectConfigurationPlatforms) = postSolution
		{978BE1AA-C58B-4825-AC2E-A33F7D1EBCED}.Debug|Any CPU.ActiveCfg = Debug|Any CPU
		{978BE1AA-C58B-4825-AC2E-A33F7D1EBCED}.Debug|Any CPU.Build.0 = Debug|Any CPU
		{978BE1AA-C58B-4825-AC2E-A33F7D1EBCED}.Release|Any CPU.ActiveCfg = Release|Any CPU
		{978BE1AA-C58B-4825-AC2E-A33F7D1EBCED}.Release|Any CPU.Build.0 = Release|Any CPU
		{80C457EA-59F9-4EF5-B39D-AEF9B7F4EE71}.Debug|Any CPU.ActiveCfg = Debug|Any CPU
		{80C457EA-59F9-4EF5-B39D-AEF9B7F4EE71}.Debug|Any CPU.Build.0 = Debug|Any CPU
		{80C457EA-59F9-4EF5-B39D-AEF9B7F4EE71}.Release|Any CPU.ActiveCfg = Release|Any CPU
		{80C457EA-59F9-4EF5-B39D-AEF9B7F4EE71}.Release|Any CPU.Build.0 = Release|Any CPU
	EndGlobalSection
	GlobalSection(NestedProjects) = preSolution
		{978BE1AA-C58B-4825-AC2E-A33F7D1EBCED} = {E8583E64-5291-4CC1-9748-6C3D0A9211CF}
		{80C457EA-59F9-4EF5-B39D-AEF9B7F4EE71} = {E8583E64-5291-4CC1-9748-6C3D0A9211CF}
	EndGlobalSection
EndGlobal
